
Microsoft Visual Studio Solution File, Format Version 12.00
# Visual Studio 15
VisualStudioVersion = 15.0.27130.2024
MinimumVisualStudioVersion = 10.0.40219.1
Project("{9092AA53-FB77-4645-B42D-1CCCA6BD08BD}") = "ipv4check", "ipv4check\ipv4check.njsproj", "{21143649-D130-49CE-BC18-603246129C1A}"
EndProject
Global
	GlobalSection(SolutionConfigurationPlatforms) = preSolution
		Debug|Any CPU = Debug|Any CPU
		Release|Any CPU = Release|Any CPU
	EndGlobalSection
	GlobalSection(ProjectConfigurationPlatforms) = postSolution
		{21143649-D130-49CE-BC18-603246129C1A}.Debug|Any CPU.ActiveCfg = Debug|Any CPU
		{21143649-D130-49CE-BC18-603246129C1A}.Debug|Any CPU.Build.0 = Debug|Any CPU
		{21143649-D130-49CE-BC18-603246129C1A}.Release|Any CPU.ActiveCfg = Release|Any CPU
		{21143649-D130-49CE-BC18-603246129C1A}.Release|Any CPU.Build.0 = Release|Any CPU
	EndGlobalSection
	GlobalSection(SolutionProperties) = preSolution
		HideSolutionNode = FALSE
	EndGlobalSection
	GlobalSection(ExtensibilityGlobals) = postSolution
		SolutionGuid = {E1B88D3F-254F-4F42-8FF0-2AE86A7D7D16}
	EndGlobalSection
EndGlobal
